// !$*UTF8*$!
{
	archiveVersion = 1;
	classes = {
	};
	objectVersion = 46;
	objects = {

/* Begin PBXBuildFile section */
		8C9927A51CEA1BD500E7E6A4 /* AppDelegate.swift in Sources */ = {isa = PBXBuildFile; fileRef = 8C9927A41CEA1BD500E7E6A4 /* AppDelegate.swift */; };
		8C9927A71CEA1BD500E7E6A4 /* ViewController.swift in Sources */ = {isa = PBXBuildFile; fileRef = 8C9927A61CEA1BD500E7E6A4 /* ViewController.swift */; };
		8C9927AA1CEA1BD500E7E6A4 /* Main.storyboard in Resources */ = {isa = PBXBuildFile; fileRef = 8C9927A81CEA1BD500E7E6A4 /* Main.storyboard */; };
		8C9927AC1CEA1BD500E7E6A4 /* Assets.xcassets in Resources */ = {isa = PBXBuildFile; fileRef = 8C9927AB1CEA1BD500E7E6A4 /* Assets.xcassets */; };
		8C9927AF1CEA1BD500E7E6A4 /* LaunchScreen.storyboard in Resources */ = {isa = PBXBuildFile; fileRef = 8C9927AD1CEA1BD500E7E6A4 /* LaunchScreen.storyboard */; };
		8C9927BA1CEA1BD500E7E6A4 /* NYHealthyTests.swift in Sources */ = {isa = PBXBuildFile; fileRef = 8C9927B91CEA1BD500E7E6A4 /* NYHealthyTests.swift */; };
		8C9927C51CEA1BD500E7E6A4 /* NYHealthyUITests.swift in Sources */ = {isa = PBXBuildFile; fileRef = 8C9927C41CEA1BD500E7E6A4 /* NYHealthyUITests.swift */; };
/* End PBXBuildFile section */

/* Begin PBXContainerItemProxy section */
		8C9927B61CEA1BD500E7E6A4 /* PBXContainerItemProxy */ = {
			isa = PBXContainerItemProxy;
			containerPortal = 8C9927991CEA1BD500E7E6A4 /* Project object */;
			proxyType = 1;
			remoteGlobalIDString = 8C9927A01CEA1BD500E7E6A4;
			remoteInfo = NYHealthy;
		};
		8C9927C11CEA1BD500E7E6A4 /* PBXContainerItemProxy */ = {
			isa = PBXContainerItemProxy;
			containerPortal = 8C9927991CEA1BD500E7E6A4 /* Project object */;
			proxyType = 1;
			remoteGlobalIDString = 8C9927A01CEA1BD500E7E6A4;
			remoteInfo = NYHealthy;
		};
/* End PBXContainerItemProxy section */

/* Begin PBXFileReference section */
		8C9927A11CEA1BD500E7E6A4 /* NYHealthy.app */ = {isa = PBXFileReference; explicitFileType = wrapper.application; includeInIndex = 0; path = NYHealthy.app; sourceTree = BUILT_PRODUCTS_DIR; };
		8C9927A41CEA1BD500E7E6A4 /* AppDelegate.swift */ = {isa = PBXFileReference; lastKnownFileType = sourcecode.swift; path = AppDelegate.swift; sourceTree = "<group>"; };
		8C9927A61CEA1BD500E7E6A4 /* ViewController.swift */ = {isa = PBXFileReference; lastKnownFileType = sourcecode.swift; path = ViewController.swift; sourceTree = "<group>"; };
		8C9927A91CEA1BD500E7E6A4 /* Base */ = {isa = PBXFileReference; lastKnownFileType = file.storyboard; name = Base; path = Base.lproj/Main.storyboard; sourceTree = "<group>"; };
		8C9927AB1CEA1BD500E7E6A4 /* Assets.xcassets */ = {isa = PBXFileReference; lastKnownFileType = folder.assetcatalog; path = Assets.xcassets; sourceTree = "<group>"; };
		8C9927AE1CEA1BD500E7E6A4 /* Base */ = {isa = PBXFileReference; lastKnownFileType = file.storyboard; name = Base; path = Base.lproj/LaunchScreen.storyboard; sourceTree = "<group>"; };
		8C9927B01CEA1BD500E7E6A4 /* Info.plist */ = {isa = PBXFileReference; lastKnownFileType = text.plist.xml; path = Info.plist; sourceTree = "<group>"; };
		8C9927B51CEA1BD500E7E6A4 /* NYHealthyTests.xctest */ = {isa = PBXFileReference; explicitFileType = wrapper.cfbundle; includeInIndex = 0; path = NYHealthyTests.xctest; sourceTree = BUILT_PRODUCTS_DIR; };
		8C9927B91CEA1BD500E7E6A4 /* NYHealthyTests.swift */ = {isa = PBXFileReference; lastKnownFileType = sourcecode.swift; path = NYHealthyTests.swift; sourceTree = "<group>"; };
		8C9927BB1CEA1BD500E7E6A4 /* Info.plist */ = {isa = PBXFileReference; lastKnownFileType = text.plist.xml; path = Info.plist; sourceTree = "<group>"; };
		8C9927C01CEA1BD500E7E6A4 /* NYHealthyUITests.xctest */ = {isa = PBXFileReference; explicitFileType = wrapper.cfbundle; includeInIndex = 0; path = NYHealthyUITests.xctest; sourceTree = BUILT_PRODUCTS_DIR; };
		8C9927C41CEA1BD500E7E6A4 /* NYHealthyUITests.swift */ = {isa = PBXFileReference; lastKnownFileType = sourcecode.swift; path = NYHealthyUITests.swift; sourceTree = "<group>"; };
		8C9927C61CEA1BD500E7E6A4 /* Info.plist */ = {isa = PBXFileReference; lastKnownFileType = text.plist.xml; path = Info.plist; sourceTree = "<group>"; };
/* End PBXFileReference section */

/* Begin PBXFrameworksBuildPhase section */
		8C99279E1CEA1BD500E7E6A4 /* Frameworks */ = {
			isa = PBXFrameworksBuildPhase;
			buildActionMask = 2147483647;
			files = (
			);
			runOnlyForDeploymentPostprocessing = 0;
		};
		8C9927B21CEA1BD500E7E6A4 /* Frameworks */ = {
			isa = PBXFrameworksBuildPhase;
			buildActionMask = 2147483647;
			files = (
			);
			runOnlyForDeploymentPostprocessing = 0;
		};
		8C9927BD1CEA1BD500E7E6A4 /* Frameworks */ = {
			isa = PBXFrameworksBuildPhase;
			buildActionMask = 2147483647;
			files = (
			);
			runOnlyForDeploymentPostprocessing = 0;
		};
/* End PBXFrameworksBuildPhase section */

/* Begin PBXGroup section */
		8C9927981CEA1BD500E7E6A4 = {
			isa = PBXGroup;
			children = (
				8C9927A31CEA1BD500E7E6A4 /* NYHealthy */,
				8C9927B81CEA1BD500E7E6A4 /* NYHealthyTests */,
				8C9927C31CEA1BD500E7E6A4 /* NYHealthyUITests */,
				8C9927A21CEA1BD500E7E6A4 /* Products */,
			);
			sourceTree = "<group>";
		};
		8C9927A21CEA1BD500E7E6A4 /* Products */ = {
			isa = PBXGroup;
			children = (
				8C9927A11CEA1BD500E7E6A4 /* NYHealthy.app */,
				8C9927B51CEA1BD500E7E6A4 /* NYHealthyTests.xctest */,
				8C9927C01CEA1BD500E7E6A4 /* NYHealthyUITests.xctest */,
			);
			name = Products;
			sourceTree = "<group>";
		};
		8C9927A31CEA1BD500E7E6A4 /* NYHealthy */ = {
			isa = PBXGroup;
			children = (
				8C9927A41CEA1BD500E7E6A4 /* AppDelegate.swift */,
				8C9927A61CEA1BD500E7E6A4 /* ViewController.swift */,
				8C9927A81CEA1BD500E7E6A4 /* Main.storyboard */,
				8C9927AB1CEA1BD500E7E6A4 /* Assets.xcassets */,
				8C9927AD1CEA1BD500E7E6A4 /* LaunchScreen.storyboard */,
				8C9927B01CEA1BD500E7E6A4 /* Info.plist */,
			);
			path = NYHealthy;
			sourceTree = "<group>";
		};
		8C9927B81CEA1BD500E7E6A4 /* NYHealthyTests */ = {
			isa = PBXGroup;
			children = (
				8C9927B91CEA1BD500E7E6A4 /* NYHealthyTests.swift */,
				8C9927BB1CEA1BD500E7E6A4 /* Info.plist */,
			);
			path = NYHealthyTests;
			sourceTree = "<group>";
		};
		8C9927C31CEA1BD500E7E6A4 /* NYHealthyUITests */ = {
			isa = PBXGroup;
			children = (
				8C9927C41CEA1BD500E7E6A4 /* NYHealthyUITests.swift */,
				8C9927C61CEA1BD500E7E6A4 /* Info.plist */,
			);
			path = NYHealthyUITests;
			sourceTree = "<group>";
		};
/* End PBXGroup section */

/* Begin PBXNativeTarget section */
		8C9927A01CEA1BD500E7E6A4 /* NYHealthy */ = {
			isa = PBXNativeTarget;
			buildConfigurationList = 8C9927C91CEA1BD500E7E6A4 /* Build configuration list for PBXNativeTarget "NYHealthy" */;
			buildPhases = (
				8C99279D1CEA1BD500E7E6A4 /* Sources */,
				8C99279E1CEA1BD500E7E6A4 /* Frameworks */,
				8C99279F1CEA1BD500E7E6A4 /* Resources */,
			);
			buildRules = (
			);
			dependencies = (
			);
			name = NYHealthy;
			productName = NYHealthy;
			productReference = 8C9927A11CEA1BD500E7E6A4 /* NYHealthy.app */;
			productType = "com.apple.product-type.application";
		};
		8C9927B41CEA1BD500E7E6A4 /* NYHealthyTests */ = {
			isa = PBXNativeTarget;
			buildConfigurationList = 8C9927CC1CEA1BD500E7E6A4 /* Build configuration list for PBXNativeTarget "NYHealthyTests" */;
			buildPhases = (
				8C9927B11CEA1BD500E7E6A4 /* Sources */,
				8C9927B21CEA1BD500E7E6A4 /* Frameworks */,
				8C9927B31CEA1BD500E7E6A4 /* Resources */,
			);
			buildRules = (
			);
			dependencies = (
				8C9927B71CEA1BD500E7E6A4 /* PBXTargetDependency */,
			);
			name = NYHealthyTests;
			productName = NYHealthyTests;
			productReference = 8C9927B51CEA1BD500E7E6A4 /* NYHealthyTests.xctest */;
			productType = "com.apple.product-type.bundle.unit-test";
		};
		8C9927BF1CEA1BD500E7E6A4 /* NYHealthyUITests */ = {
			isa = PBXNativeTarget;
			buildConfigurationList = 8C9927CF1CEA1BD500E7E6A4 /* Build configuration list for PBXNativeTarget "NYHealthyUITests" */;
			buildPhases = (
				8C9927BC1CEA1BD500E7E6A4 /* Sources */,
				8C9927BD1CEA1BD500E7E6A4 /* Frameworks */,
				8C9927BE1CEA1BD500E7E6A4 /* Resources */,
			);
			buildRules = (
			);
			dependencies = (
				8C9927C21CEA1BD500E7E6A4 /* PBXTargetDependency */,
			);
			name = NYHealthyUITests;
			productName = NYHealthyUITests;
			productReference = 8C9927C01CEA1BD500E7E6A4 /* NYHealthyUITests.xctest */;
			productType = "com.apple.product-type.bundle.ui-testing";
		};
/* End PBXNativeTarget section */

/* Begin PBXProject section */
		8C9927991CEA1BD500E7E6A4 /* Project object */ = {
			isa = PBXProject;
			attributes = {
				LastSwiftUpdateCheck = 0730;
				LastUpgradeCheck = 0730;
				ORGANIZATIONNAME = SuneBearNi;
				TargetAttributes = {
					8C9927A01CEA1BD500E7E6A4 = {
						CreatedOnToolsVersion = 7.3;
					};
					8C9927B41CEA1BD500E7E6A4 = {
						CreatedOnToolsVersion = 7.3;
						TestTargetID = 8C9927A01CEA1BD500E7E6A4;
					};
					8C9927BF1CEA1BD500E7E6A4 = {
						CreatedOnToolsVersion = 7.3;
						TestTargetID = 8C9927A01CEA1BD500E7E6A4;
					};
				};
			};
			buildConfigurationList = 8C99279C1CEA1BD500E7E6A4 /* Build configuration list for PBXProject "NYHealthy" */;
			compatibilityVersion = "Xcode 3.2";
			developmentRegion = English;
			hasScannedForEncodings = 0;
			knownRegions = (
				en,
				Base,
			);
			mainGroup = 8C9927981CEA1BD500E7E6A4;
			productRefGroup = 8C9927A21CEA1BD500E7E6A4 /* Products */;
			projectDirPath = "";
			projectRoot = "";
			targets = (
				8C9927A01CEA1BD500E7E6A4 /* NYHealthy */,
				8C9927B41CEA1BD500E7E6A4 /* NYHealthyTests */,
				8C9927BF1CEA1BD500E7E6A4 /* NYHealthyUITests */,
			);
		};
/* End PBXProject section */

/* Begin PBXResourcesBuildPhase section */
		8C99279F1CEA1BD500E7E6A4 /* Resources */ = {
			isa = PBXResourcesBuildPhase;
			buildActionMask = 2147483647;
			files = (
				8C9927AF1CEA1BD500E7E6A4 /* LaunchScreen.storyboard in Resources */,
				8C9927AC1CEA1BD500E7E6A4 /* Assets.xcassets in Resources */,
				8C9927AA1CEA1BD500E7E6A4 /* Main.storyboard in Resources */,
			);
			runOnlyForDeploymentPostprocessing = 0;
		};
		8C9927B31CEA1BD500E7E6A4 /* Resources */ = {
			isa = PBXResourcesBuildPhase;
			buildActionMask = 2147483647;
			files = (
			);
			runOnlyForDeploymentPostprocessing = 0;
		};
		8C9927BE1CEA1BD500E7E6A4 /* Resources */ = {
			isa = PBXResourcesBuildPhase;
			buildActionMask = 2147483647;
			files = (
			);
			runOnlyForDeploymentPostprocessing = 0;
		};
/* End PBXResourcesBuildPhase section */

/* Begin PBXSourcesBuildPhase section */
		8C99279D1CEA1BD500E7E6A4 /* Sources */ = {
			isa = PBXSourcesBuildPhase;
			buildActionMask = 2147483647;
			files = (
				8C9927A71CEA1BD500E7E6A4 /* ViewController.swift in Sources */,
				8C9927A51CEA1BD500E7E6A4 /* AppDelegate.swift in Sources */,
			);
			runOnlyForDeploymentPostprocessing = 0;
		};
		8C9927B11CEA1BD500E7E6A4 /* Sources */ = {
			isa = PBXSourcesBuildPhase;
			buildActionMask = 2147483647;
			files = (
				8C9927BA1CEA1BD500E7E6A4 /* NYHealthyTests.swift in Sources */,
			);
			runOnlyForDeploymentPostprocessing = 0;
		};
		8C9927BC1CEA1BD500E7E6A4 /* Sources */ = {
			isa = PBXSourcesBuildPhase;
			buildActionMask = 2147483647;
			files = (
				8C9927C51CEA1BD500E7E6A4 /* NYHealthyUITests.swift in Sources */,
			);
			runOnlyForDeploymentPostprocessing = 0;
		};
/* End PBXSourcesBuildPhase section */

/* Begin PBXTargetDependency section */
		8C9927B71CEA1BD500E7E6A4 /* PBXTargetDependency */ = {
			isa = PBXTargetDependency;
			target = 8C9927A01CEA1BD500E7E6A4 /* NYHealthy */;
			targetProxy = 8C9927B61CEA1BD500E7E6A4 /* PBXContainerItemProxy */;
		};
		8C9927C21CEA1BD500E7E6A4 /* PBXTargetDependency */ = {
			isa = PBXTargetDependency;
			target = 8C9927A01CEA1BD500E7E6A4 /* NYHealthy */;
			targetProxy = 8C9927C11CEA1BD500E7E6A4 /* PBXContainerItemProxy */;
		};
/* End PBXTargetDependency section */

/* Begin PBXVariantGroup section */
		8C9927A81CEA1BD500E7E6A4 /* Main.storyboard */ = {
			isa = PBXVariantGroup;
			children = (
				8C9927A91CEA1BD500E7E6A4 /* Base */,
			);
			name = Main.storyboard;
			sourceTree = "<group>";
		};
		8C9927AD1CEA1BD500E7E6A4 /* LaunchScreen.storyboard */ = {
			isa = PBXVariantGroup;
			children = (
				8C9927AE1CEA1BD500E7E6A4 /* Base */,
			);
			name = LaunchScreen.storyboard;
			sourceTree = "<group>";
		};
/* End PBXVariantGroup section */

/* Begin XCBuildConfiguration section */
		8C9927C71CEA1BD500E7E6A4 /* Debug */ = {
			isa = XCBuildConfiguration;
			buildSettings = {
				ALWAYS_SEARCH_USER_PATHS = NO;
				CLANG_ANALYZER_NONNULL = YES;
				CLANG_CXX_LANGUAGE_STANDARD = "gnu++0x";
				CLANG_CXX_LIBRARY = "libc++";
				CLANG_ENABLE_MODULES = YES;
				CLANG_ENABLE_OBJC_ARC = YES;
				CLANG_WARN_BOOL_CONVERSION = YES;
				CLANG_WARN_CONSTANT_CONVERSION = YES;
				CLANG_WARN_DIRECT_OBJC_ISA_USAGE = YES_ERROR;
				CLANG_WARN_EMPTY_BODY = YES;
				CLANG_WARN_ENUM_CONVERSION = YES;
				CLANG_WARN_INT_CONVERSION = YES;
				CLANG_WARN_OBJC_ROOT_CLASS = YES_ERROR;
				CLANG_WARN_UNREACHABLE_CODE = YES;
				CLANG_WARN__DUPLICATE_METHOD_MATCH = YES;
				"CODE_SIGN_IDENTITY[sdk=iphoneos*]" = "iPhone Developer";
				COPY_PHASE_STRIP = NO;
				DEBUG_INFORMATION_FORMAT = dwarf;
				ENABLE_STRICT_OBJC_MSGSEND = YES;
				ENABLE_TESTABILITY = YES;
				GCC_C_LANGUAGE_STANDARD = gnu99;
				GCC_DYNAMIC_NO_PIC = NO;
				GCC_NO_COMMON_BLOCKS = YES;
				GCC_OPTIMIZATION_LEVEL = 0;
				GCC_PREPROCESSOR_DEFINITIONS = (
					"DEBUG=1",
					"$(inherited)",
				);
				GCC_WARN_64_TO_32_BIT_CONVERSION = YES;
				GCC_WARN_ABOUT_RETURN_TYPE = YES_ERROR;
				GCC_WARN_UNDECLARED_SELECTOR = YES;
				GCC_WARN_UNINITIALIZED_AUTOS = YES_AGGRESSIVE;
				GCC_WARN_UNUSED_FUNCTION = YES;
				GCC_WARN_UNUSED_VARIABLE = YES;
				IPHONEOS_DEPLOYMENT_TARGET = 9.3;
				MTL_ENABLE_DEBUG_INFO = YES;
				ONLY_ACTIVE_ARCH = YES;
				SDKROOT = iphoneos;
				SWIFT_OPTIMIZATION_LEVEL = "-Onone";
				TARGETED_DEVICE_FAMILY = "1,2";
			};
			name = Debug;
		};
		8C9927C81CEA1BD500E7E6A4 /* Release */ = {
			isa = XCBuildConfiguration;
			buildSettings = {
				ALWAYS_SEARCH_USER_PATHS = NO;
				CLANG_ANALYZER_NONNULL = YES;
				CLANG_CXX_LANGUAGE_STANDARD = "gnu++0x";
				CLANG_CXX_LIBRARY = "libc++";
				CLANG_ENABLE_MODULES = YES;
				CLANG_ENABLE_OBJC_ARC = YES;
				CLANG_WARN_BOOL_CONVERSION = YES;
				CLANG_WARN_CONSTANT_CONVERSION = YES;
				CLANG_WARN_DIRECT_OBJC_ISA_USAGE = YES_ERROR;
				CLANG_WARN_EMPTY_BODY = YES;
				CLANG_WARN_ENUM_CONVERSION = YES;
				CLANG_WARN_INT_CONVERSION = YES;
				CLANG_WARN_OBJC_ROOT_CLASS = YES_ERROR;
				CLANG_WARN_UNREACHABLE_CODE = YES;
				CLANG_WARN__DUPLICATE_METHOD_MATCH = YES;
				"CODE_SIGN_IDENTITY[sdk=iphoneos*]" = "iPhone Developer";
				COPY_PHASE_STRIP = NO;
				DEBUG_INFORMATION_FORMAT = "dwarf-with-dsym";
				ENABLE_NS_ASSERTIONS = NO;
				ENABLE_STRICT_OBJC_MSGSEND = YES;
				GCC_C_LANGUAGE_STANDARD = gnu99;
				GCC_NO_COMMON_BLOCKS = YES;
				GCC_WARN_64_TO_32_BIT_CONVERSION = YES;
				GCC_WARN_ABOUT_RETURN_TYPE = YES_ERROR;
				GCC_WARN_UNDECLARED_SELECTOR = YES;
				GCC_WARN_UNINITIALIZED_AUTOS = YES_AGGRESSIVE;
				GCC_WARN_UNUSED_FUNCTION = YES;
				GCC_WARN_UNUSED_VARIABLE = YES;
				IPHONEOS_DEPLOYMENT_TARGET = 9.3;
				MTL_ENABLE_DEBUG_INFO = NO;
				SDKROOT = iphoneos;
				TARGETED_DEVICE_FAMILY = "1,2";
				VALIDATE_PRODUCT = YES;
			};
			name = Release;
		};
		8C9927CA1CEA1BD500E7E6A4 /* Debug */ = {
			isa = XCBuildConfiguration;
			buildSettings = {
				ASSETCATALOG_COMPILER_APPICON_NAME = AppIcon;
				INFOPLIST_FILE = NYHealthy/Info.plist;
				LD_RUNPATH_SEARCH_PATHS = "$(inherited) @executable_path/Frameworks";
				PRODUCT_BUNDLE_IDENTIFIER = sune.bear.nycode.NYHealthy;
				PRODUCT_NAME = "$(TARGET_NAME)";
			};
			name = Debug;
		};
		8C9927CB1CEA1BD500E7E6A4 /* Release */ = {
			isa = XCBuildConfiguration;
			buildSettings = {
				ASSETCATALOG_COMPILER_APPICON_NAME = AppIcon;
				INFOPLIST_FILE = NYHealthy/Info.plist;
				LD_RUNPATH_SEARCH_PATHS = "$(inherited) @executable_path/Frameworks";
				PRODUCT_BUNDLE_IDENTIFIER = sune.bear.nycode.NYHealthy;
				PRODUCT_NAME = "$(TARGET_NAME)";
			};
			name = Release;
		};
		8C9927CD1CEA1BD500E7E6A4 /* Debug */ = {
			isa = XCBuildConfiguration;
			buildSettings = {
				BUNDLE_LOADER = "$(TEST_HOST)";
				INFOPLIST_FILE = NYHealthyTests/Info.plist;
				LD_RUNPATH_SEARCH_PATHS = "$(inherited) @executable_path/Frameworks @loader_path/Frameworks";
				PRODUCT_BUNDLE_IDENTIFIER = sune.bear.nycode.NYHealthyTests;
				PRODUCT_NAME = "$(TARGET_NAME)";
				TEST_HOST = "$(BUILT_PRODUCTS_DIR)/NYHealthy.app/NYHealthy";
			};
			name = Debug;
		};
		8C9927CE1CEA1BD500E7E6A4 /* Release */ = {
			isa = XCBuildConfiguration;
			buildSettings = {
				BUNDLE_LOADER = "$(TEST_HOST)";
				INFOPLIST_FILE = NYHealthyTests/Info.plist;
				LD_RUNPATH_SEARCH_PATHS = "$(inherited) @executable_path/Frameworks @loader_path/Frameworks";
				PRODUCT_BUNDLE_IDENTIFIER = sune.bear.nycode.NYHealthyTests;
				PRODUCT_NAME = "$(TARGET_NAME)";
				TEST_HOST = "$(BUILT_PRODUCTS_DIR)/NYHealthy.app/NYHealthy";
			};
			name = Release;
		};
		8C9927D01CEA1BD500E7E6A4 /* Debug */ = {
			isa = XCBuildConfiguration;
			buildSettings = {
				INFOPLIST_FILE = NYHealthyUITests/Info.plist;
				LD_RUNPATH_SEARCH_PATHS = "$(inherited) @executable_path/Frameworks @loader_path/Frameworks";
				PRODUCT_BUNDLE_IDENTIFIER = sune.bear.nycode.NYHealthyUITests;
				PRODUCT_NAME = "$(TARGET_NAME)";
				TEST_TARGET_NAME = NYHealthy;
			};
			name = Debug;
		};
		8C9927D11CEA1BD500E7E6A4 /* Release */ = {
			isa = XCBuildConfiguration;
			buildSettings = {
				INFOPLIST_FILE = NYHealthyUITests/Info.plist;
				LD_RUNPATH_SEARCH_PATHS = "$(inherited) @executable_path/Frameworks @loader_path/Frameworks";
				PRODUCT_BUNDLE_IDENTIFIER = sune.bear.nycode.NYHealthyUITests;
				PRODUCT_NAME = "$(TARGET_NAME)";
				TEST_TARGET_NAME = NYHealthy;
			};
			name = Release;
		};
/* End XCBuildConfiguration section */

/* Begin XCConfigurationList section */
		8C99279C1CEA1BD500E7E6A4 /* Build configuration list for PBXProject "NYHealthy" */ = {
			isa = XCConfigurationList;
			buildConfigurations = (
				8C9927C71CEA1BD500E7E6A4 /* Debug */,
				8C9927C81CEA1BD500E7E6A4 /* Release */,
			);
			defaultConfigurationIsVisible = 0;
			defaultConfigurationName = Release;
		};
		8C9927C91CEA1BD500E7E6A4 /* Build configuration list for PBXNativeTarget "NYHealthy" */ = {
			isa = XCConfigurationList;
			buildConfigurations = (
				8C9927CA1CEA1BD500E7E6A4 /* Debug */,
				8C9927CB1CEA1BD500E7E6A4 /* Release */,
			);
			defaultConfigurationIsVisible = 0;
		};
		8C9927CC1CEA1BD500E7E6A4 /* Build configuration list for PBXNativeTarget "NYHealthyTests" */ = {
			isa = XCConfigurationList;
			buildConfigurations = (
				8C9927CD1CEA1BD500E7E6A4 /* Debug */,
				8C9927CE1CEA1BD500E7E6A4 /* Release */,
			);
			defaultConfigurationIsVisible = 0;
		};
		8C9927CF1CEA1BD500E7E6A4 /* Build configuration list for PBXNativeTarget "NYHealthyUITests" */ = {
			isa = XCConfigurationList;
			buildConfigurations = (
				8C9927D01CEA1BD500E7E6A4 /* Debug */,
				8C9927D11CEA1BD500E7E6A4 /* Release */,
			);
			defaultConfigurationIsVisible = 0;
		};
/* End XCConfigurationList section */
	};
	rootObject = 8C9927991CEA1BD500E7E6A4 /* Project object */;
}
